Microsoft Visual Studio Solution File, Format Version 11.00
# Visual Studio 2008

Project("{65FADDBF-8606-F3BB-E928-8956859BF0E3}") = "OhDeer", "Assembly-CSharp.csproj", "{4D211E70-6212-5ABF-E38D-92904AFE988F}"
EndProject
Global
	GlobalSection(SolutionConfigurationPlatforms) = preSolution
		Debug|Any CPU = Debug|Any CPU
		Release|Any CPU = Release|Any CPU
	EndGlobalSection
	GlobalSection(ProjectConfigurationPlatforms) = postSolution
		{4D211E70-6212-5ABF-E38D-92904AFE988F}.Debug|Any CPU.ActiveCfg = Debug|Any CPU
		{4D211E70-6212-5ABF-E38D-92904AFE988F}.Debug|Any CPU.Build.0 = Debug|Any CPU
		{4D211E70-6212-5ABF-E38D-92904AFE988F}.Release|Any CPU.ActiveCfg = Release|Any CPU
		{4D211E70-6212-5ABF-E38D-92904AFE988F}.Release|Any CPU.Build.0 = Release|Any CPU
	EndGlobalSection
	GlobalSection(SolutionProperties) = preSolution
		HideSolutionNode = FALSE
	EndGlobalSection
	GlobalSection(MonoDevelopProperties) = preSolution
		StartupItem = Assembly-CSharp.csproj
	EndGlobalSection
EndGlobal
